// !$*UTF8*$!
{
	archiveVersion = 1;
	classes = {
	};
	objectVersion = 56;
	objects = {

/* Begin PBXBuildFile section */
		9DC4A7722B938EB1004DB74A /* whoisthisApp.swift in Sources */ = {isa = PBXBuildFile; fileRef = 9DC4A7712B938EB1004DB74A /* whoisthisApp.swift */; };
		9DC4A7742B938EB1004DB74A /* ContentView.swift in Sources */ = {isa = PBXBuildFile; fileRef = 9DC4A7732B938EB1004DB74A /* ContentView.swift */; };
		9DC4A7762B938EB2004DB74A /* Assets.xcassets in Resources */ = {isa = PBXBuildFile; fileRef = 9DC4A7752B938EB2004DB74A /* Assets.xcassets */; };
		9DC4A7792B938EB2004DB74A /* Preview Assets.xcassets in Resources */ = {isa = PBXBuildFile; fileRef = 9DC4A7782B938EB2004DB74A /* Preview Assets.xcassets */; };
		9DC4A7832B938EB2004DB74A /* whoisthisTests.swift in Sources */ = {isa = PBXBuildFile; fileRef = 9DC4A7822B938EB2004DB74A /* whoisthisTests.swift */; };
		9DC4A78D2B938EB2004DB74A /* whoisthisUITests.swift in Sources */ = {isa = PBXBuildFile; fileRef = 9DC4A78C2B938EB2004DB74A /* whoisthisUITests.swift */; };
		9DC4A78F2B938EB2004DB74A /* whoisthisUITestsLaunchTests.swift in Sources */ = {isa = PBXBuildFile; fileRef = 9DC4A78E2B938EB2004DB74A /* whoisthisUITestsLaunchTests.swift */; };
/* End PBXBuildFile section */

/* Begin PBXContainerItemProxy section */
		9DC4A77F2B938EB2004DB74A /* PBXContainerItemProxy */ = {
			isa = PBXContainerItemProxy;
			containerPortal = 9DC4A7662B938EB1004DB74A /* Project object */;
			proxyType = 1;
			remoteGlobalIDString = 9DC4A76D2B938EB1004DB74A;
			remoteInfo = whoisthis;
		};
		9DC4A7892B938EB2004DB74A /* PBXContainerItemProxy */ = {
			isa = PBXContainerItemProxy;
			containerPortal = 9DC4A7662B938EB1004DB74A /* Project object */;
			proxyType = 1;
			remoteGlobalIDString = 9DC4A76D2B938EB1004DB74A;
			remoteInfo = whoisthis;
		};
/* End PBXContainerItemProxy section */

/* Begin PBXFileReference section */
		9DC4A76E2B938EB1004DB74A /* whoisthis.app */ = {isa = PBXFileReference; explicitFileType = wrapper.application; includeInIndex = 0; path = whoisthis.app; sourceTree = BUILT_PRODUCTS_DIR; };
		9DC4A7712B938EB1004DB74A /* whoisthisApp.swift */ = {isa = PBXFileReference; lastKnownFileType = sourcecode.swift; path = whoisthisApp.swift; sourceTree = "<group>"; };
		9DC4A7732B938EB1004DB74A /* ContentView.swift */ = {isa = PBXFileReference; lastKnownFileType = sourcecode.swift; path = ContentView.swift; sourceTree = "<group>"; };
		9DC4A7752B938EB2004DB74A /* Assets.xcassets */ = {isa = PBXFileReference; lastKnownFileType = folder.assetcatalog; path = Assets.xcassets; sourceTree = "<group>"; };
		9DC4A7782B938EB2004DB74A /* Preview Assets.xcassets */ = {isa = PBXFileReference; lastKnownFileType = folder.assetcatalog; path = "Preview Assets.xcassets"; sourceTree = "<group>"; };
		9DC4A77E2B938EB2004DB74A /* whoisthisTests.xctest */ = {isa = PBXFileReference; explicitFileType = wrapper.cfbundle; includeInIndex = 0; path = whoisthisTests.xctest; sourceTree = BUILT_PRODUCTS_DIR; };
		9DC4A7822B938EB2004DB74A /* whoisthisTests.swift */ = {isa = PBXFileReference; lastKnownFileType = sourcecode.swift; path = whoisthisTests.swift; sourceTree = "<group>"; };
		9DC4A7882B938EB2004DB74A /* whoisthisUITests.xctest */ = {isa = PBXFileReference; explicitFileType = wrapper.cfbundle; includeInIndex = 0; path = whoisthisUITests.xctest; sourceTree = BUILT_PRODUCTS_DIR; };
		9DC4A78C2B938EB2004DB74A /* whoisthisUITests.swift */ = {isa = PBXFileReference; lastKnownFileType = sourcecode.swift; path = whoisthisUITests.swift; sourceTree = "<group>"; };
		9DC4A78E2B938EB2004DB74A /* whoisthisUITestsLaunchTests.swift */ = {isa = PBXFileReference; lastKnownFileType = sourcecode.swift; path = whoisthisUITestsLaunchTests.swift; sourceTree = "<group>"; };
/* End PBXFileReference section */

/* Begin PBXFrameworksBuildPhase section */
		9DC4A76B2B938EB1004DB74A /* Frameworks */ = {
			isa = PBXFrameworksBuildPhase;
			buildActionMask = 2147483647;
			files = (
			);
			runOnlyForDeploymentPostprocessing = 0;
		};
		9DC4A77B2B938EB2004DB74A /* Frameworks */ = {
			isa = PBXFrameworksBuildPhase;
			buildActionMask = 2147483647;
			files = (
			);
			runOnlyForDeploymentPostprocessing = 0;
		};
		9DC4A7852B938EB2004DB74A /* Frameworks */ = {
			isa = PBXFrameworksBuildPhase;
			buildActionMask = 2147483647;
			files = (
			);
			runOnlyForDeploymentPostprocessing = 0;
		};
/* End PBXFrameworksBuildPhase section */

/* Begin PBXGroup section */
		9DC4A7652B938EB1004DB74A = {
			isa = PBXGroup;
			children = (
				9DC4A7702B938EB1004DB74A /* whoisthis */,
				9DC4A7812B938EB2004DB74A /* whoisthisTests */,
				9DC4A78B2B938EB2004DB74A /* whoisthisUITests */,
				9DC4A76F2B938EB1004DB74A /* Products */,
			);
			sourceTree = "<group>";
		};
		9DC4A76F2B938EB1004DB74A /* Products */ = {
			isa = PBXGroup;
			children = (
				9DC4A76E2B938EB1004DB74A /* whoisthis.app */,
				9DC4A77E2B938EB2004DB74A /* whoisthisTests.xctest */,
				9DC4A7882B938EB2004DB74A /* whoisthisUITests.xctest */,
			);
			name = Products;
			sourceTree = "<group>";
		};
		9DC4A7702B938EB1004DB74A /* whoisthis */ = {
			isa = PBXGroup;
			children = (
				9DC4A7712B938EB1004DB74A /* whoisthisApp.swift */,
				9DC4A7732B938EB1004DB74A /* ContentView.swift */,
				9DC4A7752B938EB2004DB74A /* Assets.xcassets */,
				9DC4A7772B938EB2004DB74A /* Preview Content */,
			);
			path = whoisthis;
			sourceTree = "<group>";
		};
		9DC4A7772B938EB2004DB74A /* Preview Content */ = {
			isa = PBXGroup;
			children = (
				9DC4A7782B938EB2004DB74A /* Preview Assets.xcassets */,
			);
			path = "Preview Content";
			sourceTree = "<group>";
		};
		9DC4A7812B938EB2004DB74A /* whoisthisTests */ = {
			isa = PBXGroup;
			children = (
				9DC4A7822B938EB2004DB74A /* whoisthisTests.swift */,
			);
			path = whoisthisTests;
			sourceTree = "<group>";
		};
		9DC4A78B2B938EB2004DB74A /* whoisthisUITests */ = {
			isa = PBXGroup;
			children = (
				9DC4A78C2B938EB2004DB74A /* whoisthisUITests.swift */,
				9DC4A78E2B938EB2004DB74A /* whoisthisUITestsLaunchTests.swift */,
			);
			path = whoisthisUITests;
			sourceTree = "<group>";
		};
/* End PBXGroup section */

/* Begin PBXNativeTarget section */
		9DC4A76D2B938EB1004DB74A /* whoisthis */ = {
			isa = PBXNativeTarget;
			buildConfigurationList = 9DC4A7922B938EB2004DB74A /* Build configuration list for PBXNativeTarget "whoisthis" */;
			buildPhases = (
				9DC4A76A2B938EB1004DB74A /* Sources */,
				9DC4A76B2B938EB1004DB74A /* Frameworks */,
				9DC4A76C2B938EB1004DB74A /* Resources */,
			);
			buildRules = (
			);
			dependencies = (
			);
			name = whoisthis;
			productName = whoisthis;
			productReference = 9DC4A76E2B938EB1004DB74A /* whoisthis.app */;
			productType = "com.apple.product-type.application";
		};
		9DC4A77D2B938EB2004DB74A /* whoisthisTests */ = {
			isa = PBXNativeTarget;
			buildConfigurationList = 9DC4A7952B938EB2004DB74A /* Build configuration list for PBXNativeTarget "whoisthisTests" */;
			buildPhases = (
				9DC4A77A2B938EB2004DB74A /* Sources */,
				9DC4A77B2B938EB2004DB74A /* Frameworks */,
				9DC4A77C2B938EB2004DB74A /* Resources */,
			);
			buildRules = (
			);
			dependencies = (
				9DC4A7802B938EB2004DB74A /* PBXTargetDependency */,
			);
			name = whoisthisTests;
			productName = whoisthisTests;
			productReference = 9DC4A77E2B938EB2004DB74A /* whoisthisTests.xctest */;
			productType = "com.apple.product-type.bundle.unit-test";
		};
		9DC4A7872B938EB2004DB74A /* whoisthisUITests */ = {
			isa = PBXNativeTarget;
			buildConfigurationList = 9DC4A7982B938EB2004DB74A /* Build configuration list for PBXNativeTarget "whoisthisUITests" */;
			buildPhases = (
				9DC4A7842B938EB2004DB74A /* Sources */,
				9DC4A7852B938EB2004DB74A /* Frameworks */,
				9DC4A7862B938EB2004DB74A /* Resources */,
			);
			buildRules = (
			);
			dependencies = (
				9DC4A78A2B938EB2004DB74A /* PBXTargetDependency */,
			);
			name = whoisthisUITests;
			productName = whoisthisUITests;
			productReference = 9DC4A7882B938EB2004DB74A /* whoisthisUITests.xctest */;
			productType = "com.apple.product-type.bundle.ui-testing";
		};
/* End PBXNativeTarget section */

/* Begin PBXProject section */
		9DC4A7662B938EB1004DB74A /* Project object */ = {
			isa = PBXProject;
			attributes = {
				BuildIndependentTargetsInParallel = 1;
				LastSwiftUpdateCheck = 1520;
				LastUpgradeCheck = 1520;
				TargetAttributes = {
					9DC4A76D2B938EB1004DB74A = {
						CreatedOnToolsVersion = 15.2;
					};
					9DC4A77D2B938EB2004DB74A = {
						CreatedOnToolsVersion = 15.2;
						TestTargetID = 9DC4A76D2B938EB1004DB74A;
					};
					9DC4A7872B938EB2004DB74A = {
						CreatedOnToolsVersion = 15.2;
						TestTargetID = 9DC4A76D2B938EB1004DB74A;
					};
				};
			};
			buildConfigurationList = 9DC4A7692B938EB1004DB74A /* Build configuration list for PBXProject "whoisthis" */;
			compatibilityVersion = "Xcode 14.0";
			developmentRegion = en;
			hasScannedForEncodings = 0;
			knownRegions = (
				en,
				Base,
			);
			mainGroup = 9DC4A7652B938EB1004DB74A;
			productRefGroup = 9DC4A76F2B938EB1004DB74A /* Products */;
			projectDirPath = "";
			projectRoot = "";
			targets = (
				9DC4A76D2B938EB1004DB74A /* whoisthis */,
				9DC4A77D2B938EB2004DB74A /* whoisthisTests */,
				9DC4A7872B938EB2004DB74A /* whoisthisUITests */,
			);
		};
/* End PBXProject section */

/* Begin PBXResourcesBuildPhase section */
		9DC4A76C2B938EB1004DB74A /* Resources */ = {
			isa = PBXResourcesBuildPhase;
			buildActionMask = 2147483647;
			files = (
				9DC4A7792B938EB2004DB74A /* Preview Assets.xcassets in Resources */,
				9DC4A7762B938EB2004DB74A /* Assets.xcassets in Resources */,
			);
			runOnlyForDeploymentPostprocessing = 0;
		};
		9DC4A77C2B938EB2004DB74A /* Resources */ = {
			isa = PBXResourcesBuildPhase;
			buildActionMask = 2147483647;
			files = (
			);
			runOnlyForDeploymentPostprocessing = 0;
		};
		9DC4A7862B938EB2004DB74A /* Resources */ = {
			isa = PBXResourcesBuildPhase;
			buildActionMask = 2147483647;
			files = (
			);
			runOnlyForDeploymentPostprocessing = 0;
		};
/* End PBXResourcesBuildPhase section */

/* Begin PBXSourcesBuildPhase section */
		9DC4A76A2B938EB1004DB74A /* Sources */ = {
			isa = PBXSourcesBuildPhase;
			buildActionMask = 2147483647;
			files = (
				9DC4A7742B938EB1004DB74A /* ContentView.swift in Sources */,
				9DC4A7722B938EB1004DB74A /* whoisthisApp.swift in Sources */,
			);
			runOnlyForDeploymentPostprocessing = 0;
		};
		9DC4A77A2B938EB2004DB74A /* Sources */ = {
			isa = PBXSourcesBuildPhase;
			buildActionMask = 2147483647;
			files = (
				9DC4A7832B938EB2004DB74A /* whoisthisTests.swift in Sources */,
			);
			runOnlyForDeploymentPostprocessing = 0;
		};
		9DC4A7842B938EB2004DB74A /* Sources */ = {
			isa = PBXSourcesBuildPhase;
			buildActionMask = 2147483647;
			files = (
				9DC4A78D2B938EB2004DB74A /* whoisthisUITests.swift in Sources */,
				9DC4A78F2B938EB2004DB74A /* whoisthisUITestsLaunchTests.swift in Sources */,
			);
			runOnlyForDeploymentPostprocessing = 0;
		};
/* End PBXSourcesBuildPhase section */

/* Begin PBXTargetDependency section */
		9DC4A7802B938EB2004DB74A /* PBXTargetDependency */ = {
			isa = PBXTargetDependency;
			target = 9DC4A76D2B938EB1004DB74A /* whoisthis */;
			targetProxy = 9DC4A77F2B938EB2004DB74A /* PBXContainerItemProxy */;
		};
		9DC4A78A2B938EB2004DB74A /* PBXTargetDependency */ = {
			isa = PBXTargetDependency;
			target = 9DC4A76D2B938EB1004DB74A /* whoisthis */;
			targetProxy = 9DC4A7892B938EB2004DB74A /* PBXContainerItemProxy */;
		};
/* End PBXTargetDependency section */

/* Begin XCBuildConfiguration section */
		9DC4A7902B938EB2004DB74A /* Debug */ = {
			isa = XCBuildConfiguration;
			buildSettings = {
				ALWAYS_SEARCH_USER_PATHS = NO;
				ASSETCATALOG_COMPILER_GENERATE_SWIFT_ASSET_SYMBOL_EXTENSIONS = YES;
				CLANG_ANALYZER_NONNULL = YES;
				CLANG_ANALYZER_NUMBER_OBJECT_CONVERSION = YES_AGGRESSIVE;
				CLANG_CXX_LANGUAGE_STANDARD = "gnu++20";
				CLANG_ENABLE_MODULES = YES;
				CLANG_ENABLE_OBJC_ARC = YES;
				CLANG_ENABLE_OBJC_WEAK = YES;
				CLANG_WARN_BLOCK_CAPTURE_AUTORELEASING = YES;
				CLANG_WARN_BOOL_CONVERSION = YES;
				CLANG_WARN_COMMA = YES;
				CLANG_WARN_CONSTANT_CONVERSION = YES;
				CLANG_WARN_DEPRECATED_OBJC_IMPLEMENTATIONS = YES;
				CLANG_WARN_DIRECT_OBJC_ISA_USAGE = YES_ERROR;
				CLANG_WARN_DOCUMENTATION_COMMENTS = YES;
				CLANG_WARN_EMPTY_BODY = YES;
				CLANG_WARN_ENUM_CONVERSION = YES;
				CLANG_WARN_INFINITE_RECURSION = YES;
				CLANG_WARN_INT_CONVERSION = YES;
				CLANG_WARN_NON_LITERAL_NULL_CONVERSION = YES;
				CLANG_WARN_OBJC_IMPLICIT_RETAIN_SELF = YES;
				CLANG_WARN_OBJC_LITERAL_CONVERSION = YES;
				CLANG_WARN_OBJC_ROOT_CLASS = YES_ERROR;
				CLANG_WARN_QUOTED_INCLUDE_IN_FRAMEWORK_HEADER = YES;
				CLANG_WARN_RANGE_LOOP_ANALYSIS = YES;
				CLANG_WARN_STRICT_PROTOTYPES = YES;
				CLANG_WARN_SUSPICIOUS_MOVE = YES;
				CLANG_WARN_UNGUARDED_AVAILABILITY = YES_AGGRESSIVE;
				CLANG_WARN_UNREACHABLE_CODE = YES;
				CLANG_WARN__DUPLICATE_METHOD_MATCH = YES;
				COPY_PHASE_STRIP = NO;
				DEBUG_INFORMATION_FORMAT = dwarf;
				ENABLE_STRICT_OBJC_MSGSEND = YES;
				ENABLE_TESTABILITY = YES;
				ENABLE_USER_SCRIPT_SANDBOXING = YES;
				GCC_C_LANGUAGE_STANDARD = gnu17;
				GCC_DYNAMIC_NO_PIC = NO;
				GCC_NO_COMMON_BLOCKS = YES;
				GCC_OPTIMIZATION_LEVEL = 0;
				GCC_PREPROCESSOR_DEFINITIONS = (
					"DEBUG=1",
					"$(inherited)",
				);
				GCC_WARN_64_TO_32_BIT_CONVERSION = YES;
				GCC_WARN_ABOUT_RETURN_TYPE = YES_ERROR;
				GCC_WARN_UNDECLARED_SELECTOR = YES;
				GCC_WARN_UNINITIALIZED_AUTOS = YES_AGGRESSIVE;
				GCC_WARN_UNUSED_FUNCTION = YES;
				GCC_WARN_UNUSED_VARIABLE = YES;
				IPHONEOS_DEPLOYMENT_TARGET = 17.2;
				LOCALIZATION_PREFERS_STRING_CATALOGS = YES;
				MTL_ENABLE_DEBUG_INFO = INCLUDE_SOURCE;
				MTL_FAST_MATH = YES;
				ONLY_ACTIVE_ARCH = YES;
				SDKROOT = iphoneos;
				SWIFT_ACTIVE_COMPILATION_CONDITIONS = "DEBUG $(inherited)";
				SWIFT_OPTIMIZATION_LEVEL = "-Onone";
			};
			name = Debug;
		};
		9DC4A7912B938EB2004DB74A /* Release */ = {
			isa = XCBuildConfiguration;
			buildSettings = {
				ALWAYS_SEARCH_USER_PATHS = NO;
				ASSETCATALOG_COMPILER_GENERATE_SWIFT_ASSET_SYMBOL_EXTENSIONS = YES;
				CLANG_ANALYZER_NONNULL = YES;
				CLANG_ANALYZER_NUMBER_OBJECT_CONVERSION = YES_AGGRESSIVE;
				CLANG_CXX_LANGUAGE_STANDARD = "gnu++20";
				CLANG_ENABLE_MODULES = YES;
				CLANG_ENABLE_OBJC_ARC = YES;
				CLANG_ENABLE_OBJC_WEAK = YES;
				CLANG_WARN_BLOCK_CAPTURE_AUTORELEASING = YES;
				CLANG_WARN_BOOL_CONVERSION = YES;
				CLANG_WARN_COMMA = YES;
				CLANG_WARN_CONSTANT_CONVERSION = YES;
				CLANG_WARN_DEPRECATED_OBJC_IMPLEMENTATIONS = YES;
				CLANG_WARN_DIRECT_OBJC_ISA_USAGE = YES_ERROR;
				CLANG_WARN_DOCUMENTATION_COMMENTS = YES;
				CLANG_WARN_EMPTY_BODY = YES;
				CLANG_WARN_ENUM_CONVERSION = YES;
				CLANG_WARN_INFINITE_RECURSION = YES;
				CLANG_WARN_INT_CONVERSION = YES;
				CLANG_WARN_NON_LITERAL_NULL_CONVERSION = YES;
				CLANG_WARN_OBJC_IMPLICIT_RETAIN_SELF = YES;
				CLANG_WARN_OBJC_LITERAL_CONVERSION = YES;
				CLANG_WARN_OBJC_ROOT_CLASS = YES_ERROR;
				CLANG_WARN_QUOTED_INCLUDE_IN_FRAMEWORK_HEADER = YES;
				CLANG_WARN_RANGE_LOOP_ANALYSIS = YES;
				CLANG_WARN_STRICT_PROTOTYPES = YES;
				CLANG_WARN_SUSPICIOUS_MOVE = YES;
				CLANG_WARN_UNGUARDED_AVAILABILITY = YES_AGGRESSIVE;
				CLANG_WARN_UNREACHABLE_CODE = YES;
				CLANG_WARN__DUPLICATE_METHOD_MATCH = YES;
				COPY_PHASE_STRIP = NO;
				DEBUG_INFORMATION_FORMAT = "dwarf-with-dsym";
				ENABLE_NS_ASSERTIONS = NO;
				ENABLE_STRICT_OBJC_MSGSEND = YES;
				ENABLE_USER_SCRIPT_SANDBOXING = YES;
				GCC_C_LANGUAGE_STANDARD = gnu17;
				GCC_NO_COMMON_BLOCKS = YES;
				GCC_WARN_64_TO_32_BIT_CONVERSION = YES;
				GCC_WARN_ABOUT_RETURN_TYPE = YES_ERROR;
				GCC_WARN_UNDECLARED_SELECTOR = YES;
				GCC_WARN_UNINITIALIZED_AUTOS = YES_AGGRESSIVE;
				GCC_WARN_UNUSED_FUNCTION = YES;
				GCC_WARN_UNUSED_VARIABLE = YES;
				IPHONEOS_DEPLOYMENT_TARGET = 17.2;
				LOCALIZATION_PREFERS_STRING_CATALOGS = YES;
				MTL_ENABLE_DEBUG_INFO = NO;
				MTL_FAST_MATH = YES;
				SDKROOT = iphoneos;
				SWIFT_COMPILATION_MODE = wholemodule;
				VALIDATE_PRODUCT = YES;
			};
			name = Release;
		};
		9DC4A7932B938EB2004DB74A /* Debug */ = {
			isa = XCBuildConfiguration;
			buildSettings = {
				ASSETCATALOG_COMPILER_APPICON_NAME = AppIcon;
				ASSETCATALOG_COMPILER_GLOBAL_ACCENT_COLOR_NAME = AccentColor;
				CODE_SIGN_STYLE = Automatic;
				CURRENT_PROJECT_VERSION = 1;
				DEVELOPMENT_ASSET_PATHS = "\"whoisthis/Preview Content\"";
				DEVELOPMENT_TEAM = RCGD5DNCWG;
				ENABLE_PREVIEWS = YES;
				GENERATE_INFOPLIST_FILE = YES;
				INFOPLIST_KEY_UIApplicationSceneManifest_Generation = YES;
				INFOPLIST_KEY_UIApplicationSupportsIndirectInputEvents = YES;
				INFOPLIST_KEY_UILaunchScreen_Generation = YES;
				INFOPLIST_KEY_UISupportedInterfaceOrientations_iPad = "UIInterfaceOrientationPortrait UIInterfaceOrientationPortraitUpsideDown UIInterfaceOrientationLandscapeLeft UIInterfaceOrientationLandscapeRight";
				INFOPLIST_KEY_UISupportedInterfaceOrientations_iPhone = "UIInterfaceOrientationPortrait UIInterfaceOrientationLandscapeLeft UIInterfaceOrientationLandscapeRight";
				LD_RUNPATH_SEARCH_PATHS = (
					"$(inherited)",
					"@executable_path/Frameworks",
				);
				MARKETING_VERSION = 1.0;
				PRODUCT_BUNDLE_IDENTIFIER = com.kaan.whoisthis;
				PRODUCT_NAME = "$(TARGET_NAME)";
				SWIFT_EMIT_LOC_STRINGS = YES;
				SWIFT_VERSION = 5.0;
				TARGETED_DEVICE_FAMILY = "1,2";
			};
			name = Debug;
		};
		9DC4A7942B938EB2004DB74A /* Release */ = {
			isa = XCBuildConfiguration;
			buildSettings = {
				ASSETCATALOG_COMPILER_APPICON_NAME = AppIcon;
				ASSETCATALOG_COMPILER_GLOBAL_ACCENT_COLOR_NAME = AccentColor;
				CODE_SIGN_STYLE = Automatic;
				CURRENT_PROJECT_VERSION = 1;
				DEVELOPMENT_ASSET_PATHS = "\"whoisthis/Preview Content\"";
				DEVELOPMENT_TEAM = RCGD5DNCWG;
				ENABLE_PREVIEWS = YES;
				GENERATE_INFOPLIST_FILE = YES;
				INFOPLIST_KEY_UIApplicationSceneManifest_Generation = YES;
				INFOPLIST_KEY_UIApplicationSupportsIndirectInputEvents = YES;
				INFOPLIST_KEY_UILaunchScreen_Generation = YES;
				INFOPLIST_KEY_UISupportedInterfaceOrientations_iPad = "UIInterfaceOrientationPortrait UIInterfaceOrientationPortraitUpsideDown UIInterfaceOrientationLandscapeLeft UIInterfaceOrientationLandscapeRight";
				INFOPLIST_KEY_UISupportedInterfaceOrientations_iPhone = "UIInterfaceOrientationPortrait UIInterfaceOrientationLandscapeLeft UIInterfaceOrientationLandscapeRight";
				LD_RUNPATH_SEARCH_PATHS = (
					"$(inherited)",
					"@executable_path/Frameworks",
				);
				MARKETING_VERSION = 1.0;
				PRODUCT_BUNDLE_IDENTIFIER = com.kaan.whoisthis;
				PRODUCT_NAME = "$(TARGET_NAME)";
				SWIFT_EMIT_LOC_STRINGS = YES;
				SWIFT_VERSION = 5.0;
				TARGETED_DEVICE_FAMILY = "1,2";
			};
			name = Release;
		};
		9DC4A7962B938EB2004DB74A /* Debug */ = {
			isa = XCBuildConfiguration;
			buildSettings = {
				ALWAYS_EMBED_SWIFT_STANDARD_LIBRARIES = YES;
				BUNDLE_LOADER = "$(TEST_HOST)";
				CODE_SIGN_STYLE = Automatic;
				CURRENT_PROJECT_VERSION = 1;
				DEVELOPMENT_TEAM = RCGD5DNCWG;
				GENERATE_INFOPLIST_FILE = YES;
				IPHONEOS_DEPLOYMENT_TARGET = 17.2;
				MARKETING_VERSION = 1.0;
				PRODUCT_BUNDLE_IDENTIFIER = com.kaan.whoisthisTests;
				PRODUCT_NAME = "$(TARGET_NAME)";
				SWIFT_EMIT_LOC_STRINGS = NO;
				SWIFT_VERSION = 5.0;
				TARGETED_DEVICE_FAMILY = "1,2";
				TEST_HOST = "$(BUILT_PRODUCTS_DIR)/whoisthis.app/$(BUNDLE_EXECUTABLE_FOLDER_PATH)/whoisthis";
			};
			name = Debug;
		};
		9DC4A7972B938EB2004DB74A /* Release */ = {
			isa = XCBuildConfiguration;
			buildSettings = {
				ALWAYS_EMBED_SWIFT_STANDARD_LIBRARIES = YES;
				BUNDLE_LOADER = "$(TEST_HOST)";
				CODE_SIGN_STYLE = Automatic;
				CURRENT_PROJECT_VERSION = 1;
				DEVELOPMENT_TEAM = RCGD5DNCWG;
				GENERATE_INFOPLIST_FILE = YES;
				IPHONEOS_DEPLOYMENT_TARGET = 17.2;
				MARKETING_VERSION = 1.0;
				PRODUCT_BUNDLE_IDENTIFIER = com.kaan.whoisthisTests;
				PRODUCT_NAME = "$(TARGET_NAME)";
				SWIFT_EMIT_LOC_STRINGS = NO;
				SWIFT_VERSION = 5.0;
				TARGETED_DEVICE_FAMILY = "1,2";
				TEST_HOST = "$(BUILT_PRODUCTS_DIR)/whoisthis.app/$(BUNDLE_EXECUTABLE_FOLDER_PATH)/whoisthis";
			};
			name = Release;
		};
		9DC4A7992B938EB2004DB74A /* Debug */ = {
			isa = XCBuildConfiguration;
			buildSettings = {
				ALWAYS_EMBED_SWIFT_STANDARD_LIBRARIES = YES;
				CODE_SIGN_STYLE = Automatic;
				CURRENT_PROJECT_VERSION = 1;
				DEVELOPMENT_TEAM = RCGD5DNCWG;
				GENERATE_INFOPLIST_FILE = YES;
				MARKETING_VERSION = 1.0;
				PRODUCT_BUNDLE_IDENTIFIER = com.kaan.whoisthisUITests;
				PRODUCT_NAME = "$(TARGET_NAME)";
				SWIFT_EMIT_LOC_STRINGS = NO;
				SWIFT_VERSION = 5.0;
				TARGETED_DEVICE_FAMILY = "1,2";
				TEST_TARGET_NAME = whoisthis;
			};
			name = Debug;
		};
		9DC4A79A2B938EB2004DB74A /* Release */ = {
			isa = XCBuildConfiguration;
			buildSettings = {
				ALWAYS_EMBED_SWIFT_STANDARD_LIBRARIES = YES;
				CODE_SIGN_STYLE = Automatic;
				CURRENT_PROJECT_VERSION = 1;
				DEVELOPMENT_TEAM = RCGD5DNCWG;
				GENERATE_INFOPLIST_FILE = YES;
				MARKETING_VERSION = 1.0;
				PRODUCT_BUNDLE_IDENTIFIER = com.kaan.whoisthisUITests;
				PRODUCT_NAME = "$(TARGET_NAME)";
				SWIFT_EMIT_LOC_STRINGS = NO;
				SWIFT_VERSION = 5.0;
				TARGETED_DEVICE_FAMILY = "1,2";
				TEST_TARGET_NAME = whoisthis;
			};
			name = Release;
		};
/* End XCBuildConfiguration section */

/* Begin XCConfigurationList section */
		9DC4A7692B938EB1004DB74A /* Build configuration list for PBXProject "whoisthis" */ = {
			isa = XCConfigurationList;
			buildConfigurations = (
				9DC4A7902B938EB2004DB74A /* Debug */,
				9DC4A7912B938EB2004DB74A /* Release */,
			);
			defaultConfigurationIsVisible = 0;
			defaultConfigurationName = Release;
		};
		9DC4A7922B938EB2004DB74A /* Build configuration list for PBXNativeTarget "whoisthis" */ = {
			isa = XCConfigurationList;
			buildConfigurations = (
				9DC4A7932B938EB2004DB74A /* Debug */,
				9DC4A7942B938EB2004DB74A /* Release */,
			);
			defaultConfigurationIsVisible = 0;
			defaultConfigurationName = Release;
		};
		9DC4A7952B938EB2004DB74A /* Build configuration list for PBXNativeTarget "whoisthisTests" */ = {
			isa = XCConfigurationList;
			buildConfigurations = (
				9DC4A7962B938EB2004DB74A /* Debug */,
				9DC4A7972B938EB2004DB74A /* Release */,
			);
			defaultConfigurationIsVisible = 0;
			defaultConfigurationName = Release;
		};
		9DC4A7982B938EB2004DB74A /* Build configuration list for PBXNativeTarget "whoisthisUITests" */ = {
			isa = XCConfigurationList;
			buildConfigurations = (
				9DC4A7992B938EB2004DB74A /* Debug */,
				9DC4A79A2B938EB2004DB74A /* Release */,
			);
			defaultConfigurationIsVisible = 0;
			defaultConfigurationName = Release;
		};
/* End XCConfigurationList section */
	};
	rootObject = 9DC4A7662B938EB1004DB74A /* Project object */;
}
